# This file is autogenerated, do not edit; changes may be undone by the next 'dep ensure'.


[[projects]]
  name = "github.com/aws/aws-lambda-go"
  packages = ["events"]
  revision = "527f5d301d2993af078be6d0b63372786b3fc18f"
  version = "v1.8.2"

[solve-meta]
  analyzer-name = "dep"
  analyzer-version = 1
  inputs-digest = "eec077a636305df96e459e24c60753115240ecb0e75e7ddf8853ce461e4bbc38"
  solver-name = "gps-cdcl"
  solver-version = 1
